%{
  "bunt": {:hex, :bunt, "0.2.1", "e2d4792f7bc0ced7583ab54922808919518d0e57ee162901a16a1b6664ef3b14", [:mix], [], "hexpm", "a330bfb4245239787b15005e66ae6845c9cd524a288f0d141c148b02603777a5"},
  "credo": {:hex, :credo, "1.7.1", "6e26bbcc9e22eefbff7e43188e69924e78818e2fe6282487d0703652bc20fd62", [:mix], [{:bunt, "~> 0.2.1", [hex: :bunt, repo: "hexpm", optional: false]}, {:file_system, "~> 0.2.8", [hex: :file_system, repo: "hexpm", optional: false]}, {:jason, "~> 1.0", [hex: :jason, repo: "hexpm", optional: false]}], "hexpm", "e9871c6095a4c0381c89b6aa98bc6260a8ba6addccf7f6a53da8849c748a58a2"},
  "decimal": {:hex, :decimal, "2.1.1", "5611dca5d4b2c3dd497dec8f68751f1f1a54755e8ed2a966c2633cf885973ad6", [:mix], [], "hexpm", "53cfe5f497ed0e7771ae1a475575603d77425099ba5faef9394932b35020ffcc"},
  "dialyxir": {:hex, :dialyxir, "1.4.2", "764a6e8e7a354f0ba95d58418178d486065ead1f69ad89782817c296d0d746a5", [:mix], [{:erlex, ">= 0.2.6", [hex: :erlex, repo: "hexpm", optional: false]}], "hexpm", "516603d8067b2fd585319e4b13d3674ad4f314a5902ba8130cd97dc902ce6bbd"},
  "doctor": {:hex, :doctor, "0.21.0", "20ef89355c67778e206225fe74913e96141c4d001cb04efdeba1a2a9704f1ab5", [:mix], [{:decimal, "~> 2.0", [hex: :decimal, repo: "hexpm", optional: false]}], "hexpm", "a227831daa79784eb24cdeedfa403c46a4cb7d0eab0e31232ec654314447e4e0"},
  "earmark_parser": {:hex, :earmark_parser, "1.4.36", "487ea8ef9bdc659f085e6e654f3c3feea1d36ac3943edf9d2ef6c98de9174c13", [:mix], [], "hexpm", "a524e395634bdcf60a616efe77fd79561bec2e930d8b82745df06ab4e844400a"},
  "erlex": {:hex, :erlex, "0.2.6", "c7987d15e899c7a2f34f5420d2a2ea0d659682c06ac607572df55a43753aa12e", [:mix], [], "hexpm", "2ed2e25711feb44d52b17d2780eabf998452f6efda104877a3881c2f8c0c0c75"},
  "ex_check": {:hex, :ex_check, "0.15.0", "074b94c02de11c37bba1ca82ae5cc4926e6ccee862e57a485b6ba60fca2d8dc1", [:mix], [], "hexpm", "33848031a0c7e4209c3b4369ce154019788b5219956220c35ca5474299fb6a0e"},
  "ex_doc": {:git, "https://github.com/elixir-lang/ex_doc.git", "16a8f536d1a0868293a30d63bcff6510bf023de3", []},
  "file_system": {:hex, :file_system, "0.2.10", "fb082005a9cd1711c05b5248710f8826b02d7d1784e7c3451f9c1231d4fc162d", [:mix], [], "hexpm", "41195edbfb562a593726eda3b3e8b103a309b733ad25f3d642ba49696bf715dc"},
  "git_cli": {:hex, :git_cli, "0.3.0", "a5422f9b95c99483385b976f5d43f7e8233283a47cda13533d7c16131cb14df5", [:mix], [], "hexpm", "78cb952f4c86a41f4d3511f1d3ecb28edb268e3a7df278de2faa1bd4672eaf9b"},
  "git_ops": {:hex, :git_ops, "2.6.0", "e0791ee1cf5db03f2c61b7ebd70e2e95cba2bb9b9793011f26609f22c0900087", [:mix], [{:git_cli, "~> 0.2", [hex: :git_cli, repo: "hexpm", optional: false]}, {:nimble_parsec, "~> 1.0", [hex: :nimble_parsec, repo: "hexpm", optional: false]}], "hexpm", "b98fca849b18aaf490f4ac7d1dd8c6c469b0cc3e6632562d366cab095e666ffe"},
  "jason": {:hex, :jason, "1.4.1", "af1504e35f629ddcdd6addb3513c3853991f694921b1b9368b0bd32beb9f1b63", [:mix], [{:decimal, "~> 1.0 or ~> 2.0", [hex: :decimal, repo: "hexpm", optional: true]}], "hexpm", "fbb01ecdfd565b56261302f7e1fcc27c4fb8f32d56eab74db621fc154604a7a1"},
  "libgraph": {:hex, :libgraph, "0.16.0", "3936f3eca6ef826e08880230f806bfea13193e49bf153f93edcf0239d4fd1d07", [:mix], [], "hexpm", "41ca92240e8a4138c30a7e06466acc709b0cbb795c643e9e17174a178982d6bf"},
  "makeup": {:hex, :makeup, "1.1.0", "6b67c8bc2882a6b6a445859952a602afc1a41c2e08379ca057c0f525366fc3ca", [:mix], [{:nimble_parsec, "~> 1.2.2 or ~> 1.3", [hex: :nimble_parsec, repo: "hexpm", optional: false]}], "hexpm", "0a45ed501f4a8897f580eabf99a2e5234ea3e75a4373c8a52824f6e873be57a6"},
  "makeup_elixir": {:hex, :makeup_elixir, "0.16.1", "cc9e3ca312f1cfeccc572b37a09980287e243648108384b97ff2b76e505c3555", [:mix], [{:makeup, "~> 1.0", [hex: :makeup, repo: "hexpm", optional: false]}, {:nimble_parsec, "~> 1.2.3 or ~> 1.3", [hex: :nimble_parsec, repo: "hexpm", optional: false]}], "hexpm", "e127a341ad1b209bd80f7bd1620a15693a9908ed780c3b763bccf7d200c767c6"},
  "makeup_erlang": {:hex, :makeup_erlang, "0.1.2", "ad87296a092a46e03b7e9b0be7631ddcf64c790fa68a9ef5323b6cbb36affc72", [:mix], [{:makeup, "~> 1.0", [hex: :makeup, repo: "hexpm", optional: false]}], "hexpm", "f3f5a1ca93ce6e092d92b6d9c049bcda58a3b617a8d888f8e7231c85630e8108"},
  "mimic": {:hex, :mimic, "1.7.4", "cd2772ffbc9edefe964bc668bfd4059487fa639a5b7f1cbdf4fd22946505aa4f", [:mix], [], "hexpm", "437c61041ecf8a7fae35763ce89859e4973bb0666e6ce76d75efc789204447c3"},
  "mix_audit": {:hex, :mix_audit, "2.1.1", "653aa6d8f291fc4b017aa82bdb79a4017903902ebba57960ef199cbbc8c008a1", [:make, :mix], [{:jason, "~> 1.1", [hex: :jason, repo: "hexpm", optional: false]}, {:yaml_elixir, "~> 2.9", [hex: :yaml_elixir, repo: "hexpm", optional: false]}], "hexpm", "541990c3ab3a7bb8c4aaa2ce2732a4ae160ad6237e5dcd5ad1564f4f85354db1"},
  "mix_test_watch": {:hex, :mix_test_watch, "1.1.1", "eee6fc570d77ad6851c7bc08de420a47fd1e449ef5ccfa6a77ef68b72e7e51ad", [:mix], [{:file_system, "~> 0.2.1 or ~> 0.3", [hex: :file_system, repo: "hexpm", optional: false]}], "hexpm", "f82262b54dee533467021723892e15c3267349849f1f737526523ecba4e6baae"},
  "nimble_options": {:hex, :nimble_options, "1.0.2", "92098a74df0072ff37d0c12ace58574d26880e522c22801437151a159392270e", [:mix], [], "hexpm", "fd12a8db2021036ce12a309f26f564ec367373265b53e25403f0ee697380f1b8"},
  "nimble_parsec": {:hex, :nimble_parsec, "1.3.1", "2c54013ecf170e249e9291ed0a62e5832f70a476c61da16f6aac6dca0189f2af", [:mix], [], "hexpm", "2682e3c0b2eb58d90c6375fc0cc30bc7be06f365bf72608804fb9cffa5e1b167"},
  "sobelow": {:hex, :sobelow, "0.13.0", "218afe9075904793f5c64b8837cc356e493d88fddde126a463839351870b8d1e", [:mix], [{:jason, "~> 1.0", [hex: :jason, repo: "hexpm", optional: false]}], "hexpm", "cd6e9026b85fc35d7529da14f95e85a078d9dd1907a9097b3ba6ac7ebbe34a0d"},
  "sourceror": {:hex, :sourceror, "0.14.1", "c6fb848d55bd34362880da671debc56e77fd722fa13b4dcbeac89a8998fc8b09", [:mix], [], "hexpm", "8b488a219e4c4d7d9ff29d16346fd4a5858085ccdd010e509101e226bbfd8efc"},
  "spark": {:hex, :spark, "1.1.51", "8458de5abbb89d18dd5c9235dd39e3757076eba84a5078d1cdc2c1e23c39aa95", [:mix], [{:jason, "~> 1.4", [hex: :jason, repo: "hexpm", optional: false]}, {:nimble_options, "~> 0.5 or ~> 1.0", [hex: :nimble_options, repo: "hexpm", optional: false]}, {:sourceror, "~> 0.1", [hex: :sourceror, repo: "hexpm", optional: false]}], "hexpm", "ed8410aa8db08867b8fff3d65e54deeb7f6f6cf2b8698fc405a386c1c7a9e4f0"},
  "yamerl": {:hex, :yamerl, "0.10.0", "4ff81fee2f1f6a46f1700c0d880b24d193ddb74bd14ef42cb0bcf46e81ef2f8e", [:rebar3], [], "hexpm", "346adb2963f1051dc837a2364e4acf6eb7d80097c0f53cbdc3046ec8ec4b4e6e"},
  "yaml_elixir": {:hex, :yaml_elixir, "2.9.0", "9a256da867b37b8d2c1ffd5d9de373a4fda77a32a45b452f1708508ba7bbcb53", [:mix], [{:yamerl, "~> 0.10", [hex: :yamerl, repo: "hexpm", optional: false]}], "hexpm", "0cb0e7d4c56f5e99a6253ed1a670ed0e39c13fc45a6da054033928607ac08dfc"},
}
